
Microsoft Visual Studio Solution File, Format Version 12.00
# Visual Studio 14
VisualStudioVersion = 14.0.23107.0
MinimumVisualStudioVersion = 10.0.40219.1
Project("{FAE04EC0-301F-11D3-BF4B-00C04F79EFBC}") = "Reveries", "Reveries.csproj", "{E1654D88-17A5-4090-8F2E-4B82985CB9BC}"
EndProject
Global
	GlobalSection(SolutionConfigurationPlatforms) = preSolution
		Debug|Any CPU = Debug|Any CPU
		Release|Any CPU = Release|Any CPU
	EndGlobalSection
	GlobalSection(ProjectConfigurationPlatforms) = postSolution
		{E1654D88-17A5-4090-8F2E-4B82985CB9BC}.Debug|Any CPU.ActiveCfg = Debug|Any CPU
		{E1654D88-17A5-4090-8F2E-4B82985CB9BC}.Debug|Any CPU.Build.0 = Debug|Any CPU
		{E1654D88-17A5-4090-8F2E-4B82985CB9BC}.Release|Any CPU.ActiveCfg = Release|Any CPU
		{E1654D88-17A5-4090-8F2E-4B82985CB9BC}.Release|Any CPU.Build.0 = Release|Any CPU
	EndGlobalSection
	GlobalSection(SolutionProperties) = preSolution
		HideSolutionNode = FALSE
	EndGlobalSection
EndGlobal
